<?xml version="1.0" encoding="UTF-8" standalone="yes" ?>
<CodeBlocks_project_file>
	<FileVersion major="1" minor="6" />
	<Project>
		<Option title="Chess Engine In C" />
		<Option pch_mode="2" />
		<Option compiler="gcc" />
		<Build>
			<Target title="Debug">
				<Option output="bin/Debug/Chess Engine In C" prefix_auto="1" extension_auto="1" />
				<Option object_output="obj/Debug/" />
				<Option type="1" />
				<Option compiler="gcc" />
				<Compiler>
					<Add option="-g" />
				</Compiler>
			</Target>
			<Target title="Release">
				<Option output="bin/Release/Chess Engine In C" prefix_auto="1" extension_auto="1" />
				<Option object_output="obj/Release/" />
				<Option type="1" />
				<Option compiler="gcc" />
				<Compiler>
					<Add option="-O2" />
				</Compiler>
				<Linker>
					<Add option="-s" />
				</Linker>
			</Target>
		</Build>
		<Compiler>
			<Add option="-Wall" />
		</Compiler>
		<Unit filename="All_Possible_Moves.c">
			<Option compilerVar="CC" />
		</Unit>
		<Unit filename="All_Possible_Moves.h">
			<Option target="&lt;{~None~}&gt;" />
		</Unit>
		<Unit filename="ChecknCheckmate.c">
			<Option compilerVar="CC" />
		</Unit>
		<Unit filename="ChecknCheckmate.h" />
		<Unit filename="Evaluation_Function.c">
			<Option compilerVar="CC" />
		</Unit>
		<Unit filename="Evaluation_Function.h" />
		<Unit filename="Feasible_Piece_Move.c">
			<Option compilerVar="CC" />
		</Unit>
		<Unit filename="Feasile_Piece_Move.h" />
		<Unit filename="MiniMax.c">
			<Option compilerVar="CC" />
		</Unit>
		<Unit filename="MiniMax.h" />
		<Unit filename="Move_Generation.c">
			<Option compilerVar="CC" />
		</Unit>
		<Unit filename="Move_Generation.h" />
		<Unit filename="Move_Validation.c">
			<Option compilerVar="CC" />
		</Unit>
		<Unit filename="Move_Validation.h" />
		<Unit filename="board.c">
			<Option compilerVar="CC" />
		</Unit>
		<Unit filename="board.h" />
		<Unit filename="conversion.c">
			<Option compilerVar="CC" />
		</Unit>
		<Unit filename="conversion.h" />
		<Unit filename="main.c">
			<Option compilerVar="CC" />
		</Unit>
		<Extensions>
			<code_completion />
			<envvars />
			<debugger />
		</Extensions>
	</Project>
</CodeBlocks_project_file>
